
Microsoft Visual Studio Solution File, Format Version 12.00
# Visual Studio Version 17
VisualStudioVersion = 17.5.002.0
MinimumVisualStudioVersion = 10.0.40219.1
Project("{2150E333-8FDC-42A3-9474-1A3956D46DE8}") = "Back", "Back", "{AD74107B-209F-4AC8-95D0-798B76DBF901}"
EndProject
Project("{2150E333-8FDC-42A3-9474-1A3956D46DE8}") = "src", "src", "{32BF42DD-8AEE-46B9-AD77-54D008EEDB2B}"
EndProject
Project("{9A19103F-16F7-4668-BE54-9A1E7A4F7556}") = "ProEventos.API", "Back\src\ProEventos.API\ProEventos.API.csproj", "{C9189206-2FC7-45AD-85E6-35144D6D600E}"
EndProject
Global
	GlobalSection(SolutionConfigurationPlatforms) = preSolution
		Debug|Any CPU = Debug|Any CPU
		Release|Any CPU = Release|Any CPU
	EndGlobalSection
	GlobalSection(ProjectConfigurationPlatforms) = postSolution
		{C9189206-2FC7-45AD-85E6-35144D6D600E}.Debug|Any CPU.ActiveCfg = Debug|Any CPU
		{C9189206-2FC7-45AD-85E6-35144D6D600E}.Debug|Any CPU.Build.0 = Debug|Any CPU
		{C9189206-2FC7-45AD-85E6-35144D6D600E}.Release|Any CPU.ActiveCfg = Release|Any CPU
		{C9189206-2FC7-45AD-85E6-35144D6D600E}.Release|Any CPU.Build.0 = Release|Any CPU
	EndGlobalSection
	GlobalSection(SolutionProperties) = preSolution
		HideSolutionNode = FALSE
	EndGlobalSection
	GlobalSection(NestedProjects) = preSolution
		{32BF42DD-8AEE-46B9-AD77-54D008EEDB2B} = {AD74107B-209F-4AC8-95D0-798B76DBF901}
		{C9189206-2FC7-45AD-85E6-35144D6D600E} = {32BF42DD-8AEE-46B9-AD77-54D008EEDB2B}
	EndGlobalSection
	GlobalSection(ExtensibilityGlobals) = postSolution
		SolutionGuid = {75A49C36-4649-4649-B063-419353F32FCA}
	EndGlobalSection
EndGlobal
